# This file was autogenerated by Stack.
# You should not edit this file by hand.
# For more information, please see the documentation at:
#   https://docs.haskellstack.org/en/stable/lock_files

packages:
- completed:
    hackage: tasty-html-0.4.1.4@sha256:18ed7c6fb79e38348e3512d90ef4b5a852a39b1d3a3a2328ac5c3f23647a6f82,1234
    pantry-tree:
      sha256: 776b04064269bd758e9806810d34fcd1a9952e36dfe36192bf45efa93c1f5f0a
      size: 609
  original:
    hackage: tasty-html-0.4.1.4@sha256:18ed7c6fb79e38348e3512d90ef4b5a852a39b1d3a3a2328ac5c3f23647a6f82,1234
snapshots:
- completed:
    sha256: a81fb3877c4f9031e1325eb3935122e608d80715dc16b586eb11ddbff8671ecd
    size: 640086
    url: https://raw.githubusercontent.com/commercialhaskell/stackage-snapshots/master/lts/21/25.yaml
  original: lts-21.25
